
Microsoft Visual Studio Solution File, Format Version 12.00
# Visual Studio Version 17
VisualStudioVersion = 17.0.31903.59
MinimumVisualStudioVersion = 10.0.40219.1
Project("{2150E333-8FDC-42A3-9474-1A3956D46DE8}") = "pkg", "pkg", "{2CACE873-F0F8-81F3-56EC-A1F4A4ABD967}"
EndProject
Project("{FAE04EC0-301F-11D3-BF4B-00C04F79EFBC}") = "LinesZero", "pkg\LinesZero\LinesZero.csproj", "{FBB0BA73-4EE7-4B9A-8140-2208E5F8B9BC}"
EndProject
Project("{FAE04EC0-301F-11D3-BF4B-00C04F79EFBC}") = "LinesZero.Core", "src\LinesZero.Core\LinesZero.Core.csproj", "{A41474AE-A648-4095-8A7A-714A3FEF992F}"
EndProject
Project("{FAE04EC0-301F-11D3-BF4B-00C04F79EFBC}") = "LinesZero.Core.Tests", "src\LinesZero.Core.Tests\LinesZero.Core.Tests.csproj", "{2E83573B-D84F-4AA6-BE8F-68CF848F318A}"
EndProject
Global
	GlobalSection(SolutionConfigurationPlatforms) = preSolution
		Debug|Any CPU = Debug|Any CPU
		Debug|x64 = Debug|x64
		Debug|x86 = Debug|x86
		Release|Any CPU = Release|Any CPU
		Release|x64 = Release|x64
		Release|x86 = Release|x86
	EndGlobalSection
	GlobalSection(ProjectConfigurationPlatforms) = postSolution
		{FBB0BA73-4EE7-4B9A-8140-2208E5F8B9BC}.Debug|Any CPU.ActiveCfg = Debug|Any CPU
		{FBB0BA73-4EE7-4B9A-8140-2208E5F8B9BC}.Debug|Any CPU.Build.0 = Debug|Any CPU
		{FBB0BA73-4EE7-4B9A-8140-2208E5F8B9BC}.Debug|x64.ActiveCfg = Debug|Any CPU
		{FBB0BA73-4EE7-4B9A-8140-2208E5F8B9BC}.Debug|x64.Build.0 = Debug|Any CPU
		{FBB0BA73-4EE7-4B9A-8140-2208E5F8B9BC}.Debug|x86.ActiveCfg = Debug|Any CPU
		{FBB0BA73-4EE7-4B9A-8140-2208E5F8B9BC}.Debug|x86.Build.0 = Debug|Any CPU
		{FBB0BA73-4EE7-4B9A-8140-2208E5F8B9BC}.Release|Any CPU.ActiveCfg = Release|Any CPU
		{FBB0BA73-4EE7-4B9A-8140-2208E5F8B9BC}.Release|Any CPU.Build.0 = Release|Any CPU
		{FBB0BA73-4EE7-4B9A-8140-2208E5F8B9BC}.Release|x64.ActiveCfg = Release|Any CPU
		{FBB0BA73-4EE7-4B9A-8140-2208E5F8B9BC}.Release|x64.Build.0 = Release|Any CPU
		{FBB0BA73-4EE7-4B9A-8140-2208E5F8B9BC}.Release|x86.ActiveCfg = Release|Any CPU
		{FBB0BA73-4EE7-4B9A-8140-2208E5F8B9BC}.Release|x86.Build.0 = Release|Any CPU
		{A41474AE-A648-4095-8A7A-714A3FEF992F}.Debug|Any CPU.ActiveCfg = Debug|Any CPU
		{A41474AE-A648-4095-8A7A-714A3FEF992F}.Debug|Any CPU.Build.0 = Debug|Any CPU
		{A41474AE-A648-4095-8A7A-714A3FEF992F}.Debug|x64.ActiveCfg = Debug|Any CPU
		{A41474AE-A648-4095-8A7A-714A3FEF992F}.Debug|x64.Build.0 = Debug|Any CPU
		{A41474AE-A648-4095-8A7A-714A3FEF992F}.Debug|x86.ActiveCfg = Debug|Any CPU
		{A41474AE-A648-4095-8A7A-714A3FEF992F}.Debug|x86.Build.0 = Debug|Any CPU
		{A41474AE-A648-4095-8A7A-714A3FEF992F}.Release|Any CPU.ActiveCfg = Release|Any CPU
		{A41474AE-A648-4095-8A7A-714A3FEF992F}.Release|Any CPU.Build.0 = Release|Any CPU
		{A41474AE-A648-4095-8A7A-714A3FEF992F}.Release|x64.ActiveCfg = Release|Any CPU
		{A41474AE-A648-4095-8A7A-714A3FEF992F}.Release|x64.Build.0 = Release|Any CPU
		{A41474AE-A648-4095-8A7A-714A3FEF992F}.Release|x86.ActiveCfg = Release|Any CPU
		{A41474AE-A648-4095-8A7A-714A3FEF992F}.Release|x86.Build.0 = Release|Any CPU
		{2E83573B-D84F-4AA6-BE8F-68CF848F318A}.Debug|Any CPU.ActiveCfg = Debug|Any CPU
		{2E83573B-D84F-4AA6-BE8F-68CF848F318A}.Debug|Any CPU.Build.0 = Debug|Any CPU
		{2E83573B-D84F-4AA6-BE8F-68CF848F318A}.Debug|x64.ActiveCfg = Debug|Any CPU
		{2E83573B-D84F-4AA6-BE8F-68CF848F318A}.Debug|x64.Build.0 = Debug|Any CPU
		{2E83573B-D84F-4AA6-BE8F-68CF848F318A}.Debug|x86.ActiveCfg = Debug|Any CPU
		{2E83573B-D84F-4AA6-BE8F-68CF848F318A}.Debug|x86.Build.0 = Debug|Any CPU
		{2E83573B-D84F-4AA6-BE8F-68CF848F318A}.Release|Any CPU.ActiveCfg = Release|Any CPU
		{2E83573B-D84F-4AA6-BE8F-68CF848F318A}.Release|Any CPU.Build.0 = Release|Any CPU
		{2E83573B-D84F-4AA6-BE8F-68CF848F318A}.Release|x64.ActiveCfg = Release|Any CPU
		{2E83573B-D84F-4AA6-BE8F-68CF848F318A}.Release|x64.Build.0 = Release|Any CPU
		{2E83573B-D84F-4AA6-BE8F-68CF848F318A}.Release|x86.ActiveCfg = Release|Any CPU
		{2E83573B-D84F-4AA6-BE8F-68CF848F318A}.Release|x86.Build.0 = Release|Any CPU
	EndGlobalSection
	GlobalSection(SolutionProperties) = preSolution
		HideSolutionNode = FALSE
	EndGlobalSection
	GlobalSection(NestedProjects) = preSolution
		{FBB0BA73-4EE7-4B9A-8140-2208E5F8B9BC} = {2CACE873-F0F8-81F3-56EC-A1F4A4ABD967}
		{A41474AE-A648-4095-8A7A-714A3FEF992F} = {2CACE873-F0F8-81F3-56EC-A1F4A4ABD967}
		{2E83573B-D84F-4AA6-BE8F-68CF848F318A} = {2CACE873-F0F8-81F3-56EC-A1F4A4ABD967}
	EndGlobalSection
EndGlobal
